
Microsoft Visual Studio Solution File, Format Version 12.00
# Visual Studio 14
VisualStudioVersion = 14.0.25420.1
MinimumVisualStudioVersion = 10.0.40219.1
Project("{FAE04EC0-301F-11D3-BF4B-00C04F79EFBC}") = "ConsoleTestes", "ConsoleTestes\ConsoleTestes.csproj", "{22748F6B-A84B-4594-B723-3DE67990443B}"
EndProject
Project("{FAE04EC0-301F-11D3-BF4B-00C04F79EFBC}") = "Dominio", "Dominio\Dominio.csproj", "{E00523D3-F2E3-4A21-AAAF-A2EC1A42CEF2}"
EndProject
Project("{FAE04EC0-301F-11D3-BF4B-00C04F79EFBC}") = "Aplicacao", "Aplicacao\Aplicacao.csproj", "{1B873FE8-58CE-4ABF-8D27-0BD99366489C}"
EndProject
Project("{FAE04EC0-301F-11D3-BF4B-00C04F79EFBC}") = "RepositorioADO", "RepositorioADO\RepositorioADO.csproj", "{549EE898-1DDF-4D4F-BBCB-A60D434F5CDF}"
EndProject
Project("{FAE04EC0-301F-11D3-BF4B-00C04F79EFBC}") = "WebUI", "WebUI\WebUI.csproj", "{F6B9780B-44B3-4E63-BEED-82CAB4A5FBF3}"
EndProject
Global
	GlobalSection(SolutionConfigurationPlatforms) = preSolution
		Debug|Any CPU = Debug|Any CPU
		Release|Any CPU = Release|Any CPU
	EndGlobalSection
	GlobalSection(ProjectConfigurationPlatforms) = postSolution
		{22748F6B-A84B-4594-B723-3DE67990443B}.Debug|Any CPU.ActiveCfg = Debug|Any CPU
		{22748F6B-A84B-4594-B723-3DE67990443B}.Debug|Any CPU.Build.0 = Debug|Any CPU
		{22748F6B-A84B-4594-B723-3DE67990443B}.Release|Any CPU.ActiveCfg = Release|Any CPU
		{22748F6B-A84B-4594-B723-3DE67990443B}.Release|Any CPU.Build.0 = Release|Any CPU
		{E00523D3-F2E3-4A21-AAAF-A2EC1A42CEF2}.Debug|Any CPU.ActiveCfg = Debug|Any CPU
		{E00523D3-F2E3-4A21-AAAF-A2EC1A42CEF2}.Debug|Any CPU.Build.0 = Debug|Any CPU
		{E00523D3-F2E3-4A21-AAAF-A2EC1A42CEF2}.Release|Any CPU.ActiveCfg = Release|Any CPU
		{E00523D3-F2E3-4A21-AAAF-A2EC1A42CEF2}.Release|Any CPU.Build.0 = Release|Any CPU
		{1B873FE8-58CE-4ABF-8D27-0BD99366489C}.Debug|Any CPU.ActiveCfg = Debug|Any CPU
		{1B873FE8-58CE-4ABF-8D27-0BD99366489C}.Debug|Any CPU.Build.0 = Debug|Any CPU
		{1B873FE8-58CE-4ABF-8D27-0BD99366489C}.Release|Any CPU.ActiveCfg = Release|Any CPU
		{1B873FE8-58CE-4ABF-8D27-0BD99366489C}.Release|Any CPU.Build.0 = Release|Any CPU
		{549EE898-1DDF-4D4F-BBCB-A60D434F5CDF}.Debug|Any CPU.ActiveCfg = Debug|Any CPU
		{549EE898-1DDF-4D4F-BBCB-A60D434F5CDF}.Debug|Any CPU.Build.0 = Debug|Any CPU
		{549EE898-1DDF-4D4F-BBCB-A60D434F5CDF}.Release|Any CPU.ActiveCfg = Release|Any CPU
		{549EE898-1DDF-4D4F-BBCB-A60D434F5CDF}.Release|Any CPU.Build.0 = Release|Any CPU
		{F6B9780B-44B3-4E63-BEED-82CAB4A5FBF3}.Debug|Any CPU.ActiveCfg = Debug|Any CPU
		{F6B9780B-44B3-4E63-BEED-82CAB4A5FBF3}.Debug|Any CPU.Build.0 = Debug|Any CPU
		{F6B9780B-44B3-4E63-BEED-82CAB4A5FBF3}.Release|Any CPU.ActiveCfg = Release|Any CPU
		{F6B9780B-44B3-4E63-BEED-82CAB4A5FBF3}.Release|Any CPU.Build.0 = Release|Any CPU
	EndGlobalSection
	GlobalSection(SolutionProperties) = preSolution
		HideSolutionNode = FALSE
	EndGlobalSection
EndGlobal
